
Microsoft Visual Studio Solution File, Format Version 12.00
# Visual Studio Version 16
VisualStudioVersion = 16.0.29326.143
MinimumVisualStudioVersion = 10.0.40219.1
Project("{FAE04EC0-301F-11D3-BF4B-00C04F79EFBC}") = "TcpClient-TestEcho", "TcpClient-TestEcho\TcpClient-TestEcho.csproj", "{C76C5BFC-6741-464D-8C19-1B526F546627}"
EndProject
Project("{FAE04EC0-301F-11D3-BF4B-00C04F79EFBC}") = "Models", "Models\Models.csproj", "{EFF012B0-9AF5-46A7-BF05-C1DE109E4785}"
EndProject
Project("{FAE04EC0-301F-11D3-BF4B-00C04F79EFBC}") = "TcpPullServer-TestEcho", "TcpPullServer-TestEcho\TcpPullServer-TestEcho.csproj", "{72D403A8-024D-4DE1-BB1C-CFEE7C42EAD1}"
EndProject
Project("{FAE04EC0-301F-11D3-BF4B-00C04F79EFBC}") = "TcpPullClient-TestEcho", "TcpPullClient-TestEcho\TcpPullClient-TestEcho.csproj", "{C972F0FD-5CB6-4BE4-850E-DD6BDEB681ED}"
EndProject
Project("{FAE04EC0-301F-11D3-BF4B-00C04F79EFBC}") = "TcpPackServer-TestEcho", "TcpPackServer-TestEcho\TcpPackServer-TestEcho.csproj", "{6A4AE1C7-C545-4020-AB44-905D2889D031}"
EndProject
Project("{FAE04EC0-301F-11D3-BF4B-00C04F79EFBC}") = "TcpPackClient-TestEcho", "TcpPackClient-TestEcho\TcpPackClient-TestEcho.csproj", "{F4EDF210-CAB7-412D-B001-F4F210E88C0C}"
EndProject
Project("{FAE04EC0-301F-11D3-BF4B-00C04F79EFBC}") = "TcpPackAgent-TestEcho", "TcpPackAgent-TestEcho\TcpPackAgent-TestEcho.csproj", "{2AB65132-8A20-4016-9BA3-9996DC0B3F33}"
EndProject
Project("{FAE04EC0-301F-11D3-BF4B-00C04F79EFBC}") = "TcpPullAgent-TestEcho", "TcpPullAgent-TestEcho\TcpPullAgent-TestEcho.csproj", "{79952989-BB34-47DE-86E1-912225656F75}"
EndProject
Project("{FAE04EC0-301F-11D3-BF4B-00C04F79EFBC}") = "TcpAgent-TestEcho", "TcpAgent-TestEcho\TcpAgent-TestEcho.csproj", "{23376F16-1967-45F7-8E52-4F5A36B94062}"
EndProject
Project("{FAE04EC0-301F-11D3-BF4B-00C04F79EFBC}") = "SslAgent-TestEcho", "SslAgent-TestEcho\SslAgent-TestEcho.csproj", "{DE048EE0-40DB-4D11-A216-DA676F458699}"
EndProject
Project("{FAE04EC0-301F-11D3-BF4B-00C04F79EFBC}") = "SslClient-TestEcho", "SslClient-TestEcho\SslClient-TestEcho.csproj", "{6F52CBB9-A48F-46D7-8E5E-F631C4E15874}"
EndProject
Project("{FAE04EC0-301F-11D3-BF4B-00C04F79EFBC}") = "SslServer-TestEcho", "SslServer-TestEcho\SslServer-TestEcho.csproj", "{B59D79CC-DD24-46AD-BCE5-A2FF802C8336}"
EndProject
Project("{9A19103F-16F7-4668-BE54-9A1E7A4F7556}") = "WebSocketServer-TestEcho", "netcoreapp\WebSocketServer-TestEcho\WebSocketServer-TestEcho.csproj", "{D4D997F5-854E-4B1F-8B08-7983F320032F}"
EndProject
Project("{9A19103F-16F7-4668-BE54-9A1E7A4F7556}") = "WebSocketClient-TestEcho", "netcoreapp\WebSocketClient-TestEcho\WebSocketClient-TestEcho.csproj", "{61E0D926-BC61-489F-A6FA-E9EEDD486812}"
EndProject
Project("{FAE04EC0-301F-11D3-BF4B-00C04F79EFBC}") = "TcpPortForwarding", "TcpPortForwarding\TcpPortForwarding.csproj", "{3EEE8931-3B36-409F-9FA5-6A31AE08BB51}"
EndProject
Project("{2150E333-8FDC-42A3-9474-1A3956D46DE8}") = "netcoreapp", "netcoreapp", "{3967FFF0-ED1D-40D0-A169-D04239AA60BC}"
EndProject
Project("{FAE04EC0-301F-11D3-BF4B-00C04F79EFBC}") = "TcpServer-TestEcho", "TcpServer-TestEcho\TcpServer-TestEcho.csproj", "{5BC55483-F140-4C87-B6DD-ECA268DEBD9C}"
EndProject
Project("{FAE04EC0-301F-11D3-BF4B-00C04F79EFBC}") = "TcpServer-TestEcho-Adapter", "TcpServer-TestEcho-Adapter\TcpServer-TestEcho-Adapter.csproj", "{BB5B3E95-69CF-4867-8C0E-C989525342DA}"
EndProject
Global
	GlobalSection(SolutionConfigurationPlatforms) = preSolution
		Debug|Any CPU = Debug|Any CPU
		Debug|x64 = Debug|x64
		Debug|x86 = Debug|x86
		Release|Any CPU = Release|Any CPU
		Release|x64 = Release|x64
		Release|x86 = Release|x86
	EndGlobalSection
	GlobalSection(ProjectConfigurationPlatforms) = postSolution
		{C76C5BFC-6741-464D-8C19-1B526F546627}.Debug|Any CPU.ActiveCfg = Debug|Any CPU
		{C76C5BFC-6741-464D-8C19-1B526F546627}.Debug|Any CPU.Build.0 = Debug|Any CPU
		{C76C5BFC-6741-464D-8C19-1B526F546627}.Debug|x64.ActiveCfg = Debug|x64
		{C76C5BFC-6741-464D-8C19-1B526F546627}.Debug|x64.Build.0 = Debug|x64
		{C76C5BFC-6741-464D-8C19-1B526F546627}.Debug|x86.ActiveCfg = Debug|x86
		{C76C5BFC-6741-464D-8C19-1B526F546627}.Debug|x86.Build.0 = Debug|x86
		{C76C5BFC-6741-464D-8C19-1B526F546627}.Release|Any CPU.ActiveCfg = Release|Any CPU
		{C76C5BFC-6741-464D-8C19-1B526F546627}.Release|Any CPU.Build.0 = Release|Any CPU
		{C76C5BFC-6741-464D-8C19-1B526F546627}.Release|x64.ActiveCfg = Release|Any CPU
		{C76C5BFC-6741-464D-8C19-1B526F546627}.Release|x64.Build.0 = Release|Any CPU
		{C76C5BFC-6741-464D-8C19-1B526F546627}.Release|x86.ActiveCfg = Release|Any CPU
		{C76C5BFC-6741-464D-8C19-1B526F546627}.Release|x86.Build.0 = Release|Any CPU
		{EFF012B0-9AF5-46A7-BF05-C1DE109E4785}.Debug|Any CPU.ActiveCfg = Debug|Any CPU
		{EFF012B0-9AF5-46A7-BF05-C1DE109E4785}.Debug|Any CPU.Build.0 = Debug|Any CPU
		{EFF012B0-9AF5-46A7-BF05-C1DE109E4785}.Debug|x64.ActiveCfg = Debug|Any CPU
		{EFF012B0-9AF5-46A7-BF05-C1DE109E4785}.Debug|x64.Build.0 = Debug|Any CPU
		{EFF012B0-9AF5-46A7-BF05-C1DE109E4785}.Debug|x86.ActiveCfg = Debug|Any CPU
		{EFF012B0-9AF5-46A7-BF05-C1DE109E4785}.Debug|x86.Build.0 = Debug|Any CPU
		{EFF012B0-9AF5-46A7-BF05-C1DE109E4785}.Release|Any CPU.ActiveCfg = Release|Any CPU
		{EFF012B0-9AF5-46A7-BF05-C1DE109E4785}.Release|Any CPU.Build.0 = Release|Any CPU
		{EFF012B0-9AF5-46A7-BF05-C1DE109E4785}.Release|x64.ActiveCfg = Release|Any CPU
		{EFF012B0-9AF5-46A7-BF05-C1DE109E4785}.Release|x64.Build.0 = Release|Any CPU
		{EFF012B0-9AF5-46A7-BF05-C1DE109E4785}.Release|x86.ActiveCfg = Release|Any CPU
		{EFF012B0-9AF5-46A7-BF05-C1DE109E4785}.Release|x86.Build.0 = Release|Any CPU
		{72D403A8-024D-4DE1-BB1C-CFEE7C42EAD1}.Debug|Any CPU.ActiveCfg = Debug|Any CPU
		{72D403A8-024D-4DE1-BB1C-CFEE7C42EAD1}.Debug|Any CPU.Build.0 = Debug|Any CPU
		{72D403A8-024D-4DE1-BB1C-CFEE7C42EAD1}.Debug|x64.ActiveCfg = Debug|x64
		{72D403A8-024D-4DE1-BB1C-CFEE7C42EAD1}.Debug|x64.Build.0 = Debug|x64
		{72D403A8-024D-4DE1-BB1C-CFEE7C42EAD1}.Debug|x86.ActiveCfg = Debug|x86
		{72D403A8-024D-4DE1-BB1C-CFEE7C42EAD1}.Debug|x86.Build.0 = Debug|x86
		{72D403A8-024D-4DE1-BB1C-CFEE7C42EAD1}.Release|Any CPU.ActiveCfg = Release|Any CPU
		{72D403A8-024D-4DE1-BB1C-CFEE7C42EAD1}.Release|Any CPU.Build.0 = Release|Any CPU
		{72D403A8-024D-4DE1-BB1C-CFEE7C42EAD1}.Release|x64.ActiveCfg = Release|x64
		{72D403A8-024D-4DE1-BB1C-CFEE7C42EAD1}.Release|x64.Build.0 = Release|x64
		{72D403A8-024D-4DE1-BB1C-CFEE7C42EAD1}.Release|x86.ActiveCfg = Release|x86
		{72D403A8-024D-4DE1-BB1C-CFEE7C42EAD1}.Release|x86.Build.0 = Release|x86
		{C972F0FD-5CB6-4BE4-850E-DD6BDEB681ED}.Debug|Any CPU.ActiveCfg = Debug|Any CPU
		{C972F0FD-5CB6-4BE4-850E-DD6BDEB681ED}.Debug|Any CPU.Build.0 = Debug|Any CPU
		{C972F0FD-5CB6-4BE4-850E-DD6BDEB681ED}.Debug|x64.ActiveCfg = Debug|x64
		{C972F0FD-5CB6-4BE4-850E-DD6BDEB681ED}.Debug|x64.Build.0 = Debug|x64
		{C972F0FD-5CB6-4BE4-850E-DD6BDEB681ED}.Debug|x86.ActiveCfg = Debug|x86
		{C972F0FD-5CB6-4BE4-850E-DD6BDEB681ED}.Debug|x86.Build.0 = Debug|x86
		{C972F0FD-5CB6-4BE4-850E-DD6BDEB681ED}.Release|Any CPU.ActiveCfg = Release|Any CPU
		{C972F0FD-5CB6-4BE4-850E-DD6BDEB681ED}.Release|Any CPU.Build.0 = Release|Any CPU
		{C972F0FD-5CB6-4BE4-850E-DD6BDEB681ED}.Release|x64.ActiveCfg = Release|x64
		{C972F0FD-5CB6-4BE4-850E-DD6BDEB681ED}.Release|x64.Build.0 = Release|x64
		{C972F0FD-5CB6-4BE4-850E-DD6BDEB681ED}.Release|x86.ActiveCfg = Release|x86
		{C972F0FD-5CB6-4BE4-850E-DD6BDEB681ED}.Release|x86.Build.0 = Release|x86
		{6A4AE1C7-C545-4020-AB44-905D2889D031}.Debug|Any CPU.ActiveCfg = Debug|Any CPU
		{6A4AE1C7-C545-4020-AB44-905D2889D031}.Debug|Any CPU.Build.0 = Debug|Any CPU
		{6A4AE1C7-C545-4020-AB44-905D2889D031}.Debug|x64.ActiveCfg = Debug|x64
		{6A4AE1C7-C545-4020-AB44-905D2889D031}.Debug|x64.Build.0 = Debug|x64
		{6A4AE1C7-C545-4020-AB44-905D2889D031}.Debug|x86.ActiveCfg = Debug|x86
		{6A4AE1C7-C545-4020-AB44-905D2889D031}.Debug|x86.Build.0 = Debug|x86
		{6A4AE1C7-C545-4020-AB44-905D2889D031}.Release|Any CPU.ActiveCfg = Release|Any CPU
		{6A4AE1C7-C545-4020-AB44-905D2889D031}.Release|Any CPU.Build.0 = Release|Any CPU
		{6A4AE1C7-C545-4020-AB44-905D2889D031}.Release|x64.ActiveCfg = Release|x64
		{6A4AE1C7-C545-4020-AB44-905D2889D031}.Release|x64.Build.0 = Release|x64
		{6A4AE1C7-C545-4020-AB44-905D2889D031}.Release|x86.ActiveCfg = Release|x86
		{6A4AE1C7-C545-4020-AB44-905D2889D031}.Release|x86.Build.0 = Release|x86
		{F4EDF210-CAB7-412D-B001-F4F210E88C0C}.Debug|Any CPU.ActiveCfg = Debug|Any CPU
		{F4EDF210-CAB7-412D-B001-F4F210E88C0C}.Debug|Any CPU.Build.0 = Debug|Any CPU
		{F4EDF210-CAB7-412D-B001-F4F210E88C0C}.Debug|x64.ActiveCfg = Debug|x64
		{F4EDF210-CAB7-412D-B001-F4F210E88C0C}.Debug|x64.Build.0 = Debug|x64
		{F4EDF210-CAB7-412D-B001-F4F210E88C0C}.Debug|x86.ActiveCfg = Debug|x86
		{F4EDF210-CAB7-412D-B001-F4F210E88C0C}.Debug|x86.Build.0 = Debug|x86
		{F4EDF210-CAB7-412D-B001-F4F210E88C0C}.Release|Any CPU.ActiveCfg = Release|Any CPU
		{F4EDF210-CAB7-412D-B001-F4F210E88C0C}.Release|Any CPU.Build.0 = Release|Any CPU
		{F4EDF210-CAB7-412D-B001-F4F210E88C0C}.Release|x64.ActiveCfg = Release|x64
		{F4EDF210-CAB7-412D-B001-F4F210E88C0C}.Release|x64.Build.0 = Release|x64
		{F4EDF210-CAB7-412D-B001-F4F210E88C0C}.Release|x86.ActiveCfg = Release|x86
		{F4EDF210-CAB7-412D-B001-F4F210E88C0C}.Release|x86.Build.0 = Release|x86
		{2AB65132-8A20-4016-9BA3-9996DC0B3F33}.Debug|Any CPU.ActiveCfg = Debug|Any CPU
		{2AB65132-8A20-4016-9BA3-9996DC0B3F33}.Debug|Any CPU.Build.0 = Debug|Any CPU
		{2AB65132-8A20-4016-9BA3-9996DC0B3F33}.Debug|x64.ActiveCfg = Debug|x64
		{2AB65132-8A20-4016-9BA3-9996DC0B3F33}.Debug|x64.Build.0 = Debug|x64
		{2AB65132-8A20-4016-9BA3-9996DC0B3F33}.Debug|x86.ActiveCfg = Debug|x86
		{2AB65132-8A20-4016-9BA3-9996DC0B3F33}.Debug|x86.Build.0 = Debug|x86
		{2AB65132-8A20-4016-9BA3-9996DC0B3F33}.Release|Any CPU.ActiveCfg = Release|Any CPU
		{2AB65132-8A20-4016-9BA3-9996DC0B3F33}.Release|Any CPU.Build.0 = Release|Any CPU
		{2AB65132-8A20-4016-9BA3-9996DC0B3F33}.Release|x64.ActiveCfg = Release|x64
		{2AB65132-8A20-4016-9BA3-9996DC0B3F33}.Release|x64.Build.0 = Release|x64
		{2AB65132-8A20-4016-9BA3-9996DC0B3F33}.Release|x86.ActiveCfg = Release|x86
		{2AB65132-8A20-4016-9BA3-9996DC0B3F33}.Release|x86.Build.0 = Release|x86
		{79952989-BB34-47DE-86E1-912225656F75}.Debug|Any CPU.ActiveCfg = Debug|Any CPU
		{79952989-BB34-47DE-86E1-912225656F75}.Debug|Any CPU.Build.0 = Debug|Any CPU
		{79952989-BB34-47DE-86E1-912225656F75}.Debug|x64.ActiveCfg = Debug|x64
		{79952989-BB34-47DE-86E1-912225656F75}.Debug|x64.Build.0 = Debug|x64
		{79952989-BB34-47DE-86E1-912225656F75}.Debug|x86.ActiveCfg = Debug|x86
		{79952989-BB34-47DE-86E1-912225656F75}.Debug|x86.Build.0 = Debug|x86
		{79952989-BB34-47DE-86E1-912225656F75}.Release|Any CPU.ActiveCfg = Release|Any CPU
		{79952989-BB34-47DE-86E1-912225656F75}.Release|Any CPU.Build.0 = Release|Any CPU
		{79952989-BB34-47DE-86E1-912225656F75}.Release|x64.ActiveCfg = Release|x64
		{79952989-BB34-47DE-86E1-912225656F75}.Release|x64.Build.0 = Release|x64
		{79952989-BB34-47DE-86E1-912225656F75}.Release|x86.ActiveCfg = Release|x86
		{79952989-BB34-47DE-86E1-912225656F75}.Release|x86.Build.0 = Release|x86
		{23376F16-1967-45F7-8E52-4F5A36B94062}.Debug|Any CPU.ActiveCfg = Debug|Any CPU
		{23376F16-1967-45F7-8E52-4F5A36B94062}.Debug|Any CPU.Build.0 = Debug|Any CPU
		{23376F16-1967-45F7-8E52-4F5A36B94062}.Debug|x64.ActiveCfg = Debug|x64
		{23376F16-1967-45F7-8E52-4F5A36B94062}.Debug|x64.Build.0 = Debug|x64
		{23376F16-1967-45F7-8E52-4F5A36B94062}.Debug|x86.ActiveCfg = Debug|x86
		{23376F16-1967-45F7-8E52-4F5A36B94062}.Debug|x86.Build.0 = Debug|x86
		{23376F16-1967-45F7-8E52-4F5A36B94062}.Release|Any CPU.ActiveCfg = Release|Any CPU
		{23376F16-1967-45F7-8E52-4F5A36B94062}.Release|Any CPU.Build.0 = Release|Any CPU
		{23376F16-1967-45F7-8E52-4F5A36B94062}.Release|x64.ActiveCfg = Release|x64
		{23376F16-1967-45F7-8E52-4F5A36B94062}.Release|x64.Build.0 = Release|x64
		{23376F16-1967-45F7-8E52-4F5A36B94062}.Release|x86.ActiveCfg = Release|x86
		{23376F16-1967-45F7-8E52-4F5A36B94062}.Release|x86.Build.0 = Release|x86
		{DE048EE0-40DB-4D11-A216-DA676F458699}.Debug|Any CPU.ActiveCfg = Debug|Any CPU
		{DE048EE0-40DB-4D11-A216-DA676F458699}.Debug|Any CPU.Build.0 = Debug|Any CPU
		{DE048EE0-40DB-4D11-A216-DA676F458699}.Debug|x64.ActiveCfg = Debug|x64
		{DE048EE0-40DB-4D11-A216-DA676F458699}.Debug|x64.Build.0 = Debug|x64
		{DE048EE0-40DB-4D11-A216-DA676F458699}.Debug|x86.ActiveCfg = Debug|x86
		{DE048EE0-40DB-4D11-A216-DA676F458699}.Debug|x86.Build.0 = Debug|x86
		{DE048EE0-40DB-4D11-A216-DA676F458699}.Release|Any CPU.ActiveCfg = Release|Any CPU
		{DE048EE0-40DB-4D11-A216-DA676F458699}.Release|Any CPU.Build.0 = Release|Any CPU
		{DE048EE0-40DB-4D11-A216-DA676F458699}.Release|x64.ActiveCfg = Release|x64
		{DE048EE0-40DB-4D11-A216-DA676F458699}.Release|x64.Build.0 = Release|x64
		{DE048EE0-40DB-4D11-A216-DA676F458699}.Release|x86.ActiveCfg = Release|x86
		{DE048EE0-40DB-4D11-A216-DA676F458699}.Release|x86.Build.0 = Release|x86
		{6F52CBB9-A48F-46D7-8E5E-F631C4E15874}.Debug|Any CPU.ActiveCfg = Debug|Any CPU
		{6F52CBB9-A48F-46D7-8E5E-F631C4E15874}.Debug|Any CPU.Build.0 = Debug|Any CPU
		{6F52CBB9-A48F-46D7-8E5E-F631C4E15874}.Debug|x64.ActiveCfg = Debug|x64
		{6F52CBB9-A48F-46D7-8E5E-F631C4E15874}.Debug|x64.Build.0 = Debug|x64
		{6F52CBB9-A48F-46D7-8E5E-F631C4E15874}.Debug|x86.ActiveCfg = Debug|x86
		{6F52CBB9-A48F-46D7-8E5E-F631C4E15874}.Debug|x86.Build.0 = Debug|x86
		{6F52CBB9-A48F-46D7-8E5E-F631C4E15874}.Release|Any CPU.ActiveCfg = Release|Any CPU
		{6F52CBB9-A48F-46D7-8E5E-F631C4E15874}.Release|Any CPU.Build.0 = Release|Any CPU
		{6F52CBB9-A48F-46D7-8E5E-F631C4E15874}.Release|x64.ActiveCfg = Release|x64
		{6F52CBB9-A48F-46D7-8E5E-F631C4E15874}.Release|x64.Build.0 = Release|x64
		{6F52CBB9-A48F-46D7-8E5E-F631C4E15874}.Release|x86.ActiveCfg = Release|x86
		{6F52CBB9-A48F-46D7-8E5E-F631C4E15874}.Release|x86.Build.0 = Release|x86
		{B59D79CC-DD24-46AD-BCE5-A2FF802C8336}.Debug|Any CPU.ActiveCfg = Debug|Any CPU
		{B59D79CC-DD24-46AD-BCE5-A2FF802C8336}.Debug|Any CPU.Build.0 = Debug|Any CPU
		{B59D79CC-DD24-46AD-BCE5-A2FF802C8336}.Debug|x64.ActiveCfg = Debug|x64
		{B59D79CC-DD24-46AD-BCE5-A2FF802C8336}.Debug|x64.Build.0 = Debug|x64
		{B59D79CC-DD24-46AD-BCE5-A2FF802C8336}.Debug|x86.ActiveCfg = Debug|x86
		{B59D79CC-DD24-46AD-BCE5-A2FF802C8336}.Debug|x86.Build.0 = Debug|x86
		{B59D79CC-DD24-46AD-BCE5-A2FF802C8336}.Release|Any CPU.ActiveCfg = Release|Any CPU
		{B59D79CC-DD24-46AD-BCE5-A2FF802C8336}.Release|Any CPU.Build.0 = Release|Any CPU
		{B59D79CC-DD24-46AD-BCE5-A2FF802C8336}.Release|x64.ActiveCfg = Release|x64
		{B59D79CC-DD24-46AD-BCE5-A2FF802C8336}.Release|x64.Build.0 = Release|x64
		{B59D79CC-DD24-46AD-BCE5-A2FF802C8336}.Release|x86.ActiveCfg = Release|x86
		{B59D79CC-DD24-46AD-BCE5-A2FF802C8336}.Release|x86.Build.0 = Release|x86
		{D4D997F5-854E-4B1F-8B08-7983F320032F}.Debug|Any CPU.ActiveCfg = Debug|Any CPU
		{D4D997F5-854E-4B1F-8B08-7983F320032F}.Debug|Any CPU.Build.0 = Debug|Any CPU
		{D4D997F5-854E-4B1F-8B08-7983F320032F}.Debug|x64.ActiveCfg = Debug|Any CPU
		{D4D997F5-854E-4B1F-8B08-7983F320032F}.Debug|x64.Build.0 = Debug|Any CPU
		{D4D997F5-854E-4B1F-8B08-7983F320032F}.Debug|x86.ActiveCfg = Debug|Any CPU
		{D4D997F5-854E-4B1F-8B08-7983F320032F}.Debug|x86.Build.0 = Debug|Any CPU
		{D4D997F5-854E-4B1F-8B08-7983F320032F}.Release|Any CPU.ActiveCfg = Release|Any CPU
		{D4D997F5-854E-4B1F-8B08-7983F320032F}.Release|Any CPU.Build.0 = Release|Any CPU
		{D4D997F5-854E-4B1F-8B08-7983F320032F}.Release|x64.ActiveCfg = Release|Any CPU
		{D4D997F5-854E-4B1F-8B08-7983F320032F}.Release|x64.Build.0 = Release|Any CPU
		{D4D997F5-854E-4B1F-8B08-7983F320032F}.Release|x86.ActiveCfg = Release|Any CPU
		{D4D997F5-854E-4B1F-8B08-7983F320032F}.Release|x86.Build.0 = Release|Any CPU
		{61E0D926-BC61-489F-A6FA-E9EEDD486812}.Debug|Any CPU.ActiveCfg = Debug|Any CPU
		{61E0D926-BC61-489F-A6FA-E9EEDD486812}.Debug|Any CPU.Build.0 = Debug|Any CPU
		{61E0D926-BC61-489F-A6FA-E9EEDD486812}.Debug|x64.ActiveCfg = Debug|Any CPU
		{61E0D926-BC61-489F-A6FA-E9EEDD486812}.Debug|x64.Build.0 = Debug|Any CPU
		{61E0D926-BC61-489F-A6FA-E9EEDD486812}.Debug|x86.ActiveCfg = Debug|Any CPU
		{61E0D926-BC61-489F-A6FA-E9EEDD486812}.Debug|x86.Build.0 = Debug|Any CPU
		{61E0D926-BC61-489F-A6FA-E9EEDD486812}.Release|Any CPU.ActiveCfg = Release|Any CPU
		{61E0D926-BC61-489F-A6FA-E9EEDD486812}.Release|Any CPU.Build.0 = Release|Any CPU
		{61E0D926-BC61-489F-A6FA-E9EEDD486812}.Release|x64.ActiveCfg = Release|Any CPU
		{61E0D926-BC61-489F-A6FA-E9EEDD486812}.Release|x64.Build.0 = Release|Any CPU
		{61E0D926-BC61-489F-A6FA-E9EEDD486812}.Release|x86.ActiveCfg = Release|Any CPU
		{61E0D926-BC61-489F-A6FA-E9EEDD486812}.Release|x86.Build.0 = Release|Any CPU
		{3EEE8931-3B36-409F-9FA5-6A31AE08BB51}.Debug|Any CPU.ActiveCfg = Debug|Any CPU
		{3EEE8931-3B36-409F-9FA5-6A31AE08BB51}.Debug|Any CPU.Build.0 = Debug|Any CPU
		{3EEE8931-3B36-409F-9FA5-6A31AE08BB51}.Debug|x64.ActiveCfg = Debug|x64
		{3EEE8931-3B36-409F-9FA5-6A31AE08BB51}.Debug|x64.Build.0 = Debug|x64
		{3EEE8931-3B36-409F-9FA5-6A31AE08BB51}.Debug|x86.ActiveCfg = Debug|x86
		{3EEE8931-3B36-409F-9FA5-6A31AE08BB51}.Debug|x86.Build.0 = Debug|x86
		{3EEE8931-3B36-409F-9FA5-6A31AE08BB51}.Release|Any CPU.ActiveCfg = Release|Any CPU
		{3EEE8931-3B36-409F-9FA5-6A31AE08BB51}.Release|Any CPU.Build.0 = Release|Any CPU
		{3EEE8931-3B36-409F-9FA5-6A31AE08BB51}.Release|x64.ActiveCfg = Release|x64
		{3EEE8931-3B36-409F-9FA5-6A31AE08BB51}.Release|x64.Build.0 = Release|x64
		{3EEE8931-3B36-409F-9FA5-6A31AE08BB51}.Release|x86.ActiveCfg = Release|x86
		{3EEE8931-3B36-409F-9FA5-6A31AE08BB51}.Release|x86.Build.0 = Release|x86
		{5BC55483-F140-4C87-B6DD-ECA268DEBD9C}.Debug|Any CPU.ActiveCfg = Debug|Any CPU
		{5BC55483-F140-4C87-B6DD-ECA268DEBD9C}.Debug|Any CPU.Build.0 = Debug|Any CPU
		{5BC55483-F140-4C87-B6DD-ECA268DEBD9C}.Debug|x64.ActiveCfg = Debug|x64
		{5BC55483-F140-4C87-B6DD-ECA268DEBD9C}.Debug|x64.Build.0 = Debug|x64
		{5BC55483-F140-4C87-B6DD-ECA268DEBD9C}.Debug|x86.ActiveCfg = Debug|x86
		{5BC55483-F140-4C87-B6DD-ECA268DEBD9C}.Debug|x86.Build.0 = Debug|x86
		{5BC55483-F140-4C87-B6DD-ECA268DEBD9C}.Release|Any CPU.ActiveCfg = Release|Any CPU
		{5BC55483-F140-4C87-B6DD-ECA268DEBD9C}.Release|Any CPU.Build.0 = Release|Any CPU
		{5BC55483-F140-4C87-B6DD-ECA268DEBD9C}.Release|x64.ActiveCfg = Release|x64
		{5BC55483-F140-4C87-B6DD-ECA268DEBD9C}.Release|x64.Build.0 = Release|x64
		{5BC55483-F140-4C87-B6DD-ECA268DEBD9C}.Release|x86.ActiveCfg = Release|x86
		{5BC55483-F140-4C87-B6DD-ECA268DEBD9C}.Release|x86.Build.0 = Release|x86
		{BB5B3E95-69CF-4867-8C0E-C989525342DA}.Debug|Any CPU.ActiveCfg = Debug|Any CPU
		{BB5B3E95-69CF-4867-8C0E-C989525342DA}.Debug|Any CPU.Build.0 = Debug|Any CPU
		{BB5B3E95-69CF-4867-8C0E-C989525342DA}.Debug|x64.ActiveCfg = Debug|Any CPU
		{BB5B3E95-69CF-4867-8C0E-C989525342DA}.Debug|x64.Build.0 = Debug|Any CPU
		{BB5B3E95-69CF-4867-8C0E-C989525342DA}.Debug|x86.ActiveCfg = Debug|Any CPU
		{BB5B3E95-69CF-4867-8C0E-C989525342DA}.Debug|x86.Build.0 = Debug|Any CPU
		{BB5B3E95-69CF-4867-8C0E-C989525342DA}.Release|Any CPU.ActiveCfg = Release|Any CPU
		{BB5B3E95-69CF-4867-8C0E-C989525342DA}.Release|Any CPU.Build.0 = Release|Any CPU
		{BB5B3E95-69CF-4867-8C0E-C989525342DA}.Release|x64.ActiveCfg = Release|Any CPU
		{BB5B3E95-69CF-4867-8C0E-C989525342DA}.Release|x64.Build.0 = Release|Any CPU
		{BB5B3E95-69CF-4867-8C0E-C989525342DA}.Release|x86.ActiveCfg = Release|Any CPU
		{BB5B3E95-69CF-4867-8C0E-C989525342DA}.Release|x86.Build.0 = Release|Any CPU
	EndGlobalSection
	GlobalSection(SolutionProperties) = preSolution
		HideSolutionNode = FALSE
	EndGlobalSection
	GlobalSection(NestedProjects) = preSolution
		{D4D997F5-854E-4B1F-8B08-7983F320032F} = {3967FFF0-ED1D-40D0-A169-D04239AA60BC}
		{61E0D926-BC61-489F-A6FA-E9EEDD486812} = {3967FFF0-ED1D-40D0-A169-D04239AA60BC}
	EndGlobalSection
	GlobalSection(ExtensibilityGlobals) = postSolution
		SolutionGuid = {3B39A216-F902-4215-8555-BD292219247C}
	EndGlobalSection
EndGlobal
